
Microsoft Visual Studio Solution File, Format Version 12.00
Project("{FAE04EC0-301F-11D3-BF4B-00C04F79EFBC}") = "TCB.Application", "TCB.Application.csproj", "{BD019AD4-F750-461D-B35B-8D0BC635A5B4}"
EndProject
Global
	GlobalSection(SolutionConfigurationPlatforms) = preSolution
		Debug|Any CPU = Debug|Any CPU
		Release|Any CPU = Release|Any CPU
	EndGlobalSection
	GlobalSection(ProjectConfigurationPlatforms) = postSolution
		{BD019AD4-F750-461D-B35B-8D0BC635A5B4}.Debug|Any CPU.ActiveCfg = Debug|Any CPU
		{BD019AD4-F750-461D-B35B-8D0BC635A5B4}.Debug|Any CPU.Build.0 = Debug|Any CPU
		{BD019AD4-F750-461D-B35B-8D0BC635A5B4}.Release|Any CPU.ActiveCfg = Release|Any CPU
		{BD019AD4-F750-461D-B35B-8D0BC635A5B4}.Release|Any CPU.Build.0 = Release|Any CPU
	EndGlobalSection
EndGlobal
